
Microsoft Visual Studio Solution File, Format Version 12.00
# Visual Studio Version 16
VisualStudioVersion = 16.0.30406.217
MinimumVisualStudioVersion = 10.0.40219.1
Project("{FAE04EC0-301F-11D3-BF4B-00C04F79EFBC}") = "MathQuizUT1", "MathQuizUT1.csproj", "{B9C2021E-0C2E-4F9D-B8F6-77A72053A73B}"
EndProject
Global
	GlobalSection(SolutionConfigurationPlatforms) = preSolution
		Debug|Any CPU = Debug|Any CPU
		Release|Any CPU = Release|Any CPU
	EndGlobalSection
	GlobalSection(ProjectConfigurationPlatforms) = postSolution
		{B9C2021E-0C2E-4F9D-B8F6-77A72053A73B}.Debug|Any CPU.ActiveCfg = Debug|Any CPU
		{B9C2021E-0C2E-4F9D-B8F6-77A72053A73B}.Debug|Any CPU.Build.0 = Debug|Any CPU
		{B9C2021E-0C2E-4F9D-B8F6-77A72053A73B}.Release|Any CPU.ActiveCfg = Release|Any CPU
		{B9C2021E-0C2E-4F9D-B8F6-77A72053A73B}.Release|Any CPU.Build.0 = Release|Any CPU
	EndGlobalSection
	GlobalSection(SolutionProperties) = preSolution
		HideSolutionNode = FALSE
	EndGlobalSection
	GlobalSection(ExtensibilityGlobals) = postSolution
		SolutionGuid = {FC978649-F99D-4158-8B42-B2FF4183277A}
	EndGlobalSection
EndGlobal
