
Microsoft Visual Studio Solution File, Format Version 12.00
# Visual Studio Version 16
VisualStudioVersion = 16.0.30406.217
MinimumVisualStudioVersion = 10.0.40219.1
Project("{FAE04EC0-301F-11D3-BF4B-00C04F79EFBC}") = "GiveRaise1", "GiveRaise1.csproj", "{7A3D940C-D575-4ABB-8945-C30633728A34}"
EndProject
Global
	GlobalSection(SolutionConfigurationPlatforms) = preSolution
		Debug|Any CPU = Debug|Any CPU
		Release|Any CPU = Release|Any CPU
	EndGlobalSection
	GlobalSection(ProjectConfigurationPlatforms) = postSolution
		{7A3D940C-D575-4ABB-8945-C30633728A34}.Debug|Any CPU.ActiveCfg = Debug|Any CPU
		{7A3D940C-D575-4ABB-8945-C30633728A34}.Debug|Any CPU.Build.0 = Debug|Any CPU
		{7A3D940C-D575-4ABB-8945-C30633728A34}.Release|Any CPU.ActiveCfg = Release|Any CPU
		{7A3D940C-D575-4ABB-8945-C30633728A34}.Release|Any CPU.Build.0 = Release|Any CPU
	EndGlobalSection
	GlobalSection(SolutionProperties) = preSolution
		HideSolutionNode = FALSE
	EndGlobalSection
	GlobalSection(ExtensibilityGlobals) = postSolution
		SolutionGuid = {DB732D1A-9066-4D68-A450-7F802486D507}
	EndGlobalSection
EndGlobal
