
Microsoft Visual Studio Solution File, Format Version 12.00
# Visual Studio Version 16
VisualStudioVersion = 16.0.30406.217
MinimumVisualStudioVersion = 10.0.40219.1
Project("{FAE04EC0-301F-11D3-BF4B-00C04F79EFBC}") = "Formula", "Formula.csproj", "{5E68E686-290D-4C3C-AD0B-4279C5B84A39}"
EndProject
Global
	GlobalSection(SolutionConfigurationPlatforms) = preSolution
		Debug|Any CPU = Debug|Any CPU
		Release|Any CPU = Release|Any CPU
	EndGlobalSection
	GlobalSection(ProjectConfigurationPlatforms) = postSolution
		{5E68E686-290D-4C3C-AD0B-4279C5B84A39}.Debug|Any CPU.ActiveCfg = Debug|Any CPU
		{5E68E686-290D-4C3C-AD0B-4279C5B84A39}.Debug|Any CPU.Build.0 = Debug|Any CPU
		{5E68E686-290D-4C3C-AD0B-4279C5B84A39}.Release|Any CPU.ActiveCfg = Release|Any CPU
		{5E68E686-290D-4C3C-AD0B-4279C5B84A39}.Release|Any CPU.Build.0 = Release|Any CPU
	EndGlobalSection
	GlobalSection(SolutionProperties) = preSolution
		HideSolutionNode = FALSE
	EndGlobalSection
	GlobalSection(ExtensibilityGlobals) = postSolution
		SolutionGuid = {07A9CE02-9FF0-4A88-BE72-7CB436BA8FCF}
	EndGlobalSection
EndGlobal
